
Microsoft Visual Studio Solution File, Format Version 12.00
# Visual Studio 2017
Project("{FAE04EC0-301F-11D3-BF4B-00C04F79EFBC}") = "Unity3D", "Unity3D.csproj", "{0E31E17D-E25B-B5A1-011D-48880477D410}"
EndProject
Project("{FAE04EC0-301F-11D3-BF4B-00C04F79EFBC}") = "Unity3D.Editor", "Unity3D.Editor.csproj", "{3B94C258-D3D3-C529-BF90-A03637495155}"
EndProject
Global
	GlobalSection(SolutionConfigurationPlatforms) = preSolution
		Debug|Any CPU = Debug|Any CPU
		Release|Any CPU = Release|Any CPU
	EndGlobalSection
	GlobalSection(ProjectConfigurationPlatforms) = postSolution
		{0E31E17D-E25B-B5A1-011D-48880477D410}.Debug|Any CPU.ActiveCfg = Debug|Any CPU
		{0E31E17D-E25B-B5A1-011D-48880477D410}.Debug|Any CPU.Build.0 = Debug|Any CPU
		{0E31E17D-E25B-B5A1-011D-48880477D410}.Release|Any CPU.ActiveCfg = Release|Any CPU
		{0E31E17D-E25B-B5A1-011D-48880477D410}.Release|Any CPU.Build.0 = Release|Any CPU
		{3B94C258-D3D3-C529-BF90-A03637495155}.Debug|Any CPU.ActiveCfg = Debug|Any CPU
		{3B94C258-D3D3-C529-BF90-A03637495155}.Debug|Any CPU.Build.0 = Debug|Any CPU
		{3B94C258-D3D3-C529-BF90-A03637495155}.Release|Any CPU.ActiveCfg = Release|Any CPU
		{3B94C258-D3D3-C529-BF90-A03637495155}.Release|Any CPU.Build.0 = Release|Any CPU
	EndGlobalSection
	GlobalSection(SolutionProperties) = preSolution
		HideSolutionNode = FALSE
	EndGlobalSection
EndGlobal
